
Microsoft Visual Studio Solution File, Format Version 12.00
# Visual Studio Version 17
VisualStudioVersion = 17.8.34330.188
MinimumVisualStudioVersion = 10.0.40219.1
Project("{FAE04EC0-301F-11D3-BF4B-00C04F79EFBC}") = "Day 17", "Day 17\Day 17.csproj", "{B9B8F4CC-B6EF-448F-9823-254BD496450C}"
EndProject
Global
	GlobalSection(SolutionConfigurationPlatforms) = preSolution
		Debug|Any CPU = Debug|Any CPU
		Release|Any CPU = Release|Any CPU
	EndGlobalSection
	GlobalSection(ProjectConfigurationPlatforms) = postSolution
		{B9B8F4CC-B6EF-448F-9823-254BD496450C}.Debug|Any CPU.ActiveCfg = Debug|Any CPU
		{B9B8F4CC-B6EF-448F-9823-254BD496450C}.Debug|Any CPU.Build.0 = Debug|Any CPU
		{B9B8F4CC-B6EF-448F-9823-254BD496450C}.Release|Any CPU.ActiveCfg = Release|Any CPU
		{B9B8F4CC-B6EF-448F-9823-254BD496450C}.Release|Any CPU.Build.0 = Release|Any CPU
	EndGlobalSection
	GlobalSection(SolutionProperties) = preSolution
		HideSolutionNode = FALSE
	EndGlobalSection
	GlobalSection(ExtensibilityGlobals) = postSolution
		SolutionGuid = {3CAA42BA-DCDE-4BD5-BC5F-ED34D832B20E}
	EndGlobalSection
EndGlobal
