
Microsoft Visual Studio Solution File, Format Version 12.00
# Visual Studio Version 17
VisualStudioVersion = 17.8.34316.72
MinimumVisualStudioVersion = 10.0.40219.1
Project("{FAE04EC0-301F-11D3-BF4B-00C04F79EFBC}") = "Day 5", "Day 5\Day 5.csproj", "{5FA4A381-3B58-48B0-8258-9175B90055F2}"
EndProject
Global
	GlobalSection(SolutionConfigurationPlatforms) = preSolution
		Debug|Any CPU = Debug|Any CPU
		Release|Any CPU = Release|Any CPU
	EndGlobalSection
	GlobalSection(ProjectConfigurationPlatforms) = postSolution
		{5FA4A381-3B58-48B0-8258-9175B90055F2}.Debug|Any CPU.ActiveCfg = Debug|Any CPU
		{5FA4A381-3B58-48B0-8258-9175B90055F2}.Debug|Any CPU.Build.0 = Debug|Any CPU
		{5FA4A381-3B58-48B0-8258-9175B90055F2}.Release|Any CPU.ActiveCfg = Release|Any CPU
		{5FA4A381-3B58-48B0-8258-9175B90055F2}.Release|Any CPU.Build.0 = Release|Any CPU
	EndGlobalSection
	GlobalSection(SolutionProperties) = preSolution
		HideSolutionNode = FALSE
	EndGlobalSection
	GlobalSection(ExtensibilityGlobals) = postSolution
		SolutionGuid = {0E524DF8-5CFA-4F24-9432-7DFD4AFA0CF6}
	EndGlobalSection
EndGlobal
