
Microsoft Visual Studio Solution File, Format Version 12.00
# Visual Studio Version 17
VisualStudioVersion = 17.8.34330.188
MinimumVisualStudioVersion = 10.0.40219.1
Project("{FAE04EC0-301F-11D3-BF4B-00C04F79EFBC}") = "Day 18", "Day 18\Day 18.csproj", "{A36F8038-DEA1-4668-8CBB-399990B35E33}"
EndProject
Global
	GlobalSection(SolutionConfigurationPlatforms) = preSolution
		Debug|Any CPU = Debug|Any CPU
		Release|Any CPU = Release|Any CPU
	EndGlobalSection
	GlobalSection(ProjectConfigurationPlatforms) = postSolution
		{A36F8038-DEA1-4668-8CBB-399990B35E33}.Debug|Any CPU.ActiveCfg = Debug|Any CPU
		{A36F8038-DEA1-4668-8CBB-399990B35E33}.Debug|Any CPU.Build.0 = Debug|Any CPU
		{A36F8038-DEA1-4668-8CBB-399990B35E33}.Release|Any CPU.ActiveCfg = Release|Any CPU
		{A36F8038-DEA1-4668-8CBB-399990B35E33}.Release|Any CPU.Build.0 = Release|Any CPU
	EndGlobalSection
	GlobalSection(SolutionProperties) = preSolution
		HideSolutionNode = FALSE
	EndGlobalSection
	GlobalSection(ExtensibilityGlobals) = postSolution
		SolutionGuid = {89A0197A-445A-4919-AB76-7F6F7826B396}
	EndGlobalSection
EndGlobal
