
Microsoft Visual Studio Solution File, Format Version 12.00
# Visual Studio Version 17
VisualStudioVersion = 17.8.34330.188
MinimumVisualStudioVersion = 10.0.40219.1
Project("{FAE04EC0-301F-11D3-BF4B-00C04F79EFBC}") = "Day 12", "Day 12\Day 12.csproj", "{FBBE59E7-BE8B-4907-951A-15E89D69B54D}"
EndProject
Global
	GlobalSection(SolutionConfigurationPlatforms) = preSolution
		Debug|Any CPU = Debug|Any CPU
		Release|Any CPU = Release|Any CPU
	EndGlobalSection
	GlobalSection(ProjectConfigurationPlatforms) = postSolution
		{FBBE59E7-BE8B-4907-951A-15E89D69B54D}.Debug|Any CPU.ActiveCfg = Debug|Any CPU
		{FBBE59E7-BE8B-4907-951A-15E89D69B54D}.Debug|Any CPU.Build.0 = Debug|Any CPU
		{FBBE59E7-BE8B-4907-951A-15E89D69B54D}.Release|Any CPU.ActiveCfg = Release|Any CPU
		{FBBE59E7-BE8B-4907-951A-15E89D69B54D}.Release|Any CPU.Build.0 = Release|Any CPU
	EndGlobalSection
	GlobalSection(SolutionProperties) = preSolution
		HideSolutionNode = FALSE
	EndGlobalSection
	GlobalSection(ExtensibilityGlobals) = postSolution
		SolutionGuid = {56A0FBA2-C58D-4486-B4F1-B313F0E7E3EB}
	EndGlobalSection
EndGlobal
