
Microsoft Visual Studio Solution File, Format Version 12.00
# Visual Studio Version 17
VisualStudioVersion = 17.8.34316.72
MinimumVisualStudioVersion = 10.0.40219.1
Project("{FAE04EC0-301F-11D3-BF4B-00C04F79EFBC}") = "MorteTools", "MorteTools\MorteTools.csproj", "{DBE07C00-5C66-4621-B21D-0DF5A6130964}"
EndProject
Global
	GlobalSection(SolutionConfigurationPlatforms) = preSolution
		Debug|Any CPU = Debug|Any CPU
		Release|Any CPU = Release|Any CPU
	EndGlobalSection
	GlobalSection(ProjectConfigurationPlatforms) = postSolution
		{DBE07C00-5C66-4621-B21D-0DF5A6130964}.Debug|Any CPU.ActiveCfg = Debug|Any CPU
		{DBE07C00-5C66-4621-B21D-0DF5A6130964}.Debug|Any CPU.Build.0 = Debug|Any CPU
		{DBE07C00-5C66-4621-B21D-0DF5A6130964}.Release|Any CPU.ActiveCfg = Release|Any CPU
		{DBE07C00-5C66-4621-B21D-0DF5A6130964}.Release|Any CPU.Build.0 = Release|Any CPU
	EndGlobalSection
	GlobalSection(SolutionProperties) = preSolution
		HideSolutionNode = FALSE
	EndGlobalSection
	GlobalSection(ExtensibilityGlobals) = postSolution
		SolutionGuid = {9072D883-65B9-43B3-BED4-B8C90B30E159}
	EndGlobalSection
EndGlobal
