
Microsoft Visual Studio Solution File, Format Version 12.00
# Visual Studio Version 17
VisualStudioVersion = 17.8.34330.188
MinimumVisualStudioVersion = 10.0.40219.1
Project("{FAE04EC0-301F-11D3-BF4B-00C04F79EFBC}") = "Day 10", "Day 10\Day 10.csproj", "{9965A23C-FC1F-4469-980C-BEC14A0C2620}"
EndProject
Global
	GlobalSection(SolutionConfigurationPlatforms) = preSolution
		Debug|Any CPU = Debug|Any CPU
		Release|Any CPU = Release|Any CPU
	EndGlobalSection
	GlobalSection(ProjectConfigurationPlatforms) = postSolution
		{9965A23C-FC1F-4469-980C-BEC14A0C2620}.Debug|Any CPU.ActiveCfg = Debug|Any CPU
		{9965A23C-FC1F-4469-980C-BEC14A0C2620}.Debug|Any CPU.Build.0 = Debug|Any CPU
		{9965A23C-FC1F-4469-980C-BEC14A0C2620}.Release|Any CPU.ActiveCfg = Release|Any CPU
		{9965A23C-FC1F-4469-980C-BEC14A0C2620}.Release|Any CPU.Build.0 = Release|Any CPU
	EndGlobalSection
	GlobalSection(SolutionProperties) = preSolution
		HideSolutionNode = FALSE
	EndGlobalSection
	GlobalSection(ExtensibilityGlobals) = postSolution
		SolutionGuid = {B6CF1CD7-27F1-44DC-987B-25D591F6B603}
	EndGlobalSection
EndGlobal
