
Microsoft Visual Studio Solution File, Format Version 12.00
# Visual Studio Version 17
VisualStudioVersion = 17.8.34330.188
MinimumVisualStudioVersion = 10.0.40219.1
Project("{FAE04EC0-301F-11D3-BF4B-00C04F79EFBC}") = "Day 13", "Day 13\Day 13.csproj", "{7F275823-2D43-4F3D-855C-D1A64277C480}"
EndProject
Global
	GlobalSection(SolutionConfigurationPlatforms) = preSolution
		Debug|Any CPU = Debug|Any CPU
		Release|Any CPU = Release|Any CPU
	EndGlobalSection
	GlobalSection(ProjectConfigurationPlatforms) = postSolution
		{7F275823-2D43-4F3D-855C-D1A64277C480}.Debug|Any CPU.ActiveCfg = Debug|Any CPU
		{7F275823-2D43-4F3D-855C-D1A64277C480}.Debug|Any CPU.Build.0 = Debug|Any CPU
		{7F275823-2D43-4F3D-855C-D1A64277C480}.Release|Any CPU.ActiveCfg = Release|Any CPU
		{7F275823-2D43-4F3D-855C-D1A64277C480}.Release|Any CPU.Build.0 = Release|Any CPU
	EndGlobalSection
	GlobalSection(SolutionProperties) = preSolution
		HideSolutionNode = FALSE
	EndGlobalSection
	GlobalSection(ExtensibilityGlobals) = postSolution
		SolutionGuid = {9DF9CF0E-3E0A-4613-B682-E552A9DD3649}
	EndGlobalSection
EndGlobal
